// !$*UTF8*$!
{
	archiveVersion = 1;
	classes = {
	};
	objectVersion = 56;
	objects = {

/* Begin PBXBuildFile section */
		0C6555F229D6076300B1CF24 /* BaseViewController.swift in Sources */ = {isa = PBXBuildFile; fileRef = 0C6555F129D6076300B1CF24 /* BaseViewController.swift */; };
		0C6555F429D61EA000B1CF24 /* NavigationView.swift in Sources */ = {isa = PBXBuildFile; fileRef = 0C6555F329D61EA000B1CF24 /* NavigationView.swift */; };
		0CC0A50229D36D6400AF4144 /* AppDelegate.swift in Sources */ = {isa = PBXBuildFile; fileRef = 0CC0A50129D36D6400AF4144 /* AppDelegate.swift */; };
		0CC0A50629D36D6400AF4144 /* ViewController.swift in Sources */ = {isa = PBXBuildFile; fileRef = 0CC0A50529D36D6400AF4144 /* ViewController.swift */; };
		0CC0A50B29D36D6600AF4144 /* Assets.xcassets in Resources */ = {isa = PBXBuildFile; fileRef = 0CC0A50A29D36D6600AF4144 /* Assets.xcassets */; };
		0CC0A50E29D36D6600AF4144 /* LaunchScreen.storyboard in Resources */ = {isa = PBXBuildFile; fileRef = 0CC0A50C29D36D6600AF4144 /* LaunchScreen.storyboard */; };
		0CC0A51929D3ABF500AF4144 /* Welcome.storyboard in Resources */ = {isa = PBXBuildFile; fileRef = 0CC0A51829D3ABF500AF4144 /* Welcome.storyboard */; };
		0CC53C8F29D51D86008E0524 /* WelcomeViewController.swift in Sources */ = {isa = PBXBuildFile; fileRef = 0CC53C8E29D51D86008E0524 /* WelcomeViewController.swift */; };
		0CC53C9129D51D93008E0524 /* LoginViewController.swift in Sources */ = {isa = PBXBuildFile; fileRef = 0CC53C9029D51D93008E0524 /* LoginViewController.swift */; };
		0CC53C9329D51DA2008E0524 /* RegisterViewController.swift in Sources */ = {isa = PBXBuildFile; fileRef = 0CC53C9229D51DA2008E0524 /* RegisterViewController.swift */; };
		0CC53C9629D51F77008E0524 /* UtilsHelper.swift in Sources */ = {isa = PBXBuildFile; fileRef = 0CC53C9529D51F77008E0524 /* UtilsHelper.swift */; };
		360CE725DA8416A7706EB565 /* Pods_SocialNetworkTemplate.framework in Frameworks */ = {isa = PBXBuildFile; fileRef = 39849097C2DE13BD4B9B4346 /* Pods_SocialNetworkTemplate.framework */; };
/* End PBXBuildFile section */

/* Begin PBXFileReference section */
		0C6555F129D6076300B1CF24 /* BaseViewController.swift */ = {isa = PBXFileReference; lastKnownFileType = sourcecode.swift; path = BaseViewController.swift; sourceTree = "<group>"; };
		0C6555F329D61EA000B1CF24 /* NavigationView.swift */ = {isa = PBXFileReference; lastKnownFileType = sourcecode.swift; path = NavigationView.swift; sourceTree = "<group>"; };
		0CC0A4FE29D36D6400AF4144 /* SocialNetworkTemplate.app */ = {isa = PBXFileReference; explicitFileType = wrapper.application; includeInIndex = 0; path = SocialNetworkTemplate.app; sourceTree = BUILT_PRODUCTS_DIR; };
		0CC0A50129D36D6400AF4144 /* AppDelegate.swift */ = {isa = PBXFileReference; lastKnownFileType = sourcecode.swift; path = AppDelegate.swift; sourceTree = "<group>"; };
		0CC0A50529D36D6400AF4144 /* ViewController.swift */ = {isa = PBXFileReference; lastKnownFileType = sourcecode.swift; path = ViewController.swift; sourceTree = "<group>"; };
		0CC0A50A29D36D6600AF4144 /* Assets.xcassets */ = {isa = PBXFileReference; lastKnownFileType = folder.assetcatalog; path = Assets.xcassets; sourceTree = "<group>"; };
		0CC0A50D29D36D6600AF4144 /* Base */ = {isa = PBXFileReference; lastKnownFileType = file.storyboard; name = Base; path = Base.lproj/LaunchScreen.storyboard; sourceTree = "<group>"; };
		0CC0A50F29D36D6600AF4144 /* Info.plist */ = {isa = PBXFileReference; lastKnownFileType = text.plist.xml; path = Info.plist; sourceTree = "<group>"; };
		0CC0A51829D3ABF500AF4144 /* Welcome.storyboard */ = {isa = PBXFileReference; lastKnownFileType = file.storyboard; path = Welcome.storyboard; sourceTree = "<group>"; };
		0CC53C8E29D51D86008E0524 /* WelcomeViewController.swift */ = {isa = PBXFileReference; lastKnownFileType = sourcecode.swift; path = WelcomeViewController.swift; sourceTree = "<group>"; };
		0CC53C9029D51D93008E0524 /* LoginViewController.swift */ = {isa = PBXFileReference; lastKnownFileType = sourcecode.swift; path = LoginViewController.swift; sourceTree = "<group>"; };
		0CC53C9229D51DA2008E0524 /* RegisterViewController.swift */ = {isa = PBXFileReference; lastKnownFileType = sourcecode.swift; path = RegisterViewController.swift; sourceTree = "<group>"; };
		0CC53C9529D51F77008E0524 /* UtilsHelper.swift */ = {isa = PBXFileReference; lastKnownFileType = sourcecode.swift; path = UtilsHelper.swift; sourceTree = "<group>"; };
		39849097C2DE13BD4B9B4346 /* Pods_SocialNetworkTemplate.framework */ = {isa = PBXFileReference; explicitFileType = wrapper.framework; includeInIndex = 0; path = Pods_SocialNetworkTemplate.framework; sourceTree = BUILT_PRODUCTS_DIR; };
		9692CC416FB4B6C2B480BD0B /* Pods-SocialNetworkTemplate.debug.xcconfig */ = {isa = PBXFileReference; includeInIndex = 1; lastKnownFileType = text.xcconfig; name = "Pods-SocialNetworkTemplate.debug.xcconfig"; path = "Target Support Files/Pods-SocialNetworkTemplate/Pods-SocialNetworkTemplate.debug.xcconfig"; sourceTree = "<group>"; };
		B530BDD9D11506DE44125BFF /* Pods-SocialNetworkTemplate.release.xcconfig */ = {isa = PBXFileReference; includeInIndex = 1; lastKnownFileType = text.xcconfig; name = "Pods-SocialNetworkTemplate.release.xcconfig"; path = "Target Support Files/Pods-SocialNetworkTemplate/Pods-SocialNetworkTemplate.release.xcconfig"; sourceTree = "<group>"; };
/* End PBXFileReference section */

/* Begin PBXFrameworksBuildPhase section */
		0CC0A4FB29D36D6400AF4144 /* Frameworks */ = {
			isa = PBXFrameworksBuildPhase;
			buildActionMask = 2147483647;
			files = (
				360CE725DA8416A7706EB565 /* Pods_SocialNetworkTemplate.framework in Frameworks */,
			);
			runOnlyForDeploymentPostprocessing = 0;
		};
/* End PBXFrameworksBuildPhase section */

/* Begin PBXGroup section */
		0CC0A4F529D36D6400AF4144 = {
			isa = PBXGroup;
			children = (
				0CC0A50029D36D6400AF4144 /* SocialNetworkTemplate */,
				0CC0A4FF29D36D6400AF4144 /* Products */,
				6753310A678AE2C4E9339409 /* Pods */,
				B6DDF049207D395ABFEFC4A6 /* Frameworks */,
			);
			sourceTree = "<group>";
		};
		0CC0A4FF29D36D6400AF4144 /* Products */ = {
			isa = PBXGroup;
			children = (
				0CC0A4FE29D36D6400AF4144 /* SocialNetworkTemplate.app */,
			);
			name = Products;
			sourceTree = "<group>";
		};
		0CC0A50029D36D6400AF4144 /* SocialNetworkTemplate */ = {
			isa = PBXGroup;
			children = (
				0CC53C9429D51F55008E0524 /* Utils */,
				0CC0A51629D3AB7500AF4144 /* Modules */,
				0CC0A51529D3AB6000AF4144 /* Commons */,
				0CC0A50F29D36D6600AF4144 /* Info.plist */,
			);
			path = SocialNetworkTemplate;
			sourceTree = "<group>";
		};
		0CC0A51529D3AB6000AF4144 /* Commons */ = {
			isa = PBXGroup;
			children = (
				0CC0A50129D36D6400AF4144 /* AppDelegate.swift */,
				0CC0A50529D36D6400AF4144 /* ViewController.swift */,
				0CC0A50A29D36D6600AF4144 /* Assets.xcassets */,
				0CC0A50C29D36D6600AF4144 /* LaunchScreen.storyboard */,
				0C6555F129D6076300B1CF24 /* BaseViewController.swift */,
				0C6555F329D61EA000B1CF24 /* NavigationView.swift */,
			);
			path = Commons;
			sourceTree = "<group>";
		};
		0CC0A51629D3AB7500AF4144 /* Modules */ = {
			isa = PBXGroup;
			children = (
				0CC0A51729D3ABB200AF4144 /* Welcome */,
			);
			path = Modules;
			sourceTree = "<group>";
		};
		0CC0A51729D3ABB200AF4144 /* Welcome */ = {
			isa = PBXGroup;
			children = (
				0CC0A51829D3ABF500AF4144 /* Welcome.storyboard */,
				0CC53C8E29D51D86008E0524 /* WelcomeViewController.swift */,
				0CC53C9029D51D93008E0524 /* LoginViewController.swift */,
				0CC53C9229D51DA2008E0524 /* RegisterViewController.swift */,
			);
			path = Welcome;
			sourceTree = "<group>";
		};
		0CC53C9429D51F55008E0524 /* Utils */ = {
			isa = PBXGroup;
			children = (
				0CC53C9529D51F77008E0524 /* UtilsHelper.swift */,
			);
			path = Utils;
			sourceTree = "<group>";
		};
		6753310A678AE2C4E9339409 /* Pods */ = {
			isa = PBXGroup;
			children = (
				9692CC416FB4B6C2B480BD0B /* Pods-SocialNetworkTemplate.debug.xcconfig */,
				B530BDD9D11506DE44125BFF /* Pods-SocialNetworkTemplate.release.xcconfig */,
			);
			path = Pods;
			sourceTree = "<group>";
		};
		B6DDF049207D395ABFEFC4A6 /* Frameworks */ = {
			isa = PBXGroup;
			children = (
				39849097C2DE13BD4B9B4346 /* Pods_SocialNetworkTemplate.framework */,
			);
			name = Frameworks;
			sourceTree = "<group>";
		};
/* End PBXGroup section */

/* Begin PBXNativeTarget section */
		0CC0A4FD29D36D6400AF4144 /* SocialNetworkTemplate */ = {
			isa = PBXNativeTarget;
			buildConfigurationList = 0CC0A51229D36D6600AF4144 /* Build configuration list for PBXNativeTarget "SocialNetworkTemplate" */;
			buildPhases = (
				C7A8EDC12A401DAEDCC2D5DE /* [CP] Check Pods Manifest.lock */,
				0CC0A4FA29D36D6400AF4144 /* Sources */,
				0CC0A4FB29D36D6400AF4144 /* Frameworks */,
				0CC0A4FC29D36D6400AF4144 /* Resources */,
				0DD9F1AB2197694FDFB49753 /* [CP] Embed Pods Frameworks */,
			);
			buildRules = (
			);
			dependencies = (
			);
			name = SocialNetworkTemplate;
			productName = SocialNetworkTemplate;
			productReference = 0CC0A4FE29D36D6400AF4144 /* SocialNetworkTemplate.app */;
			productType = "com.apple.product-type.application";
		};
/* End PBXNativeTarget section */

/* Begin PBXProject section */
		0CC0A4F629D36D6400AF4144 /* Project object */ = {
			isa = PBXProject;
			attributes = {
				BuildIndependentTargetsInParallel = 1;
				LastSwiftUpdateCheck = 1420;
				LastUpgradeCheck = 1420;
				TargetAttributes = {
					0CC0A4FD29D36D6400AF4144 = {
						CreatedOnToolsVersion = 14.2;
					};
				};
			};
			buildConfigurationList = 0CC0A4F929D36D6400AF4144 /* Build configuration list for PBXProject "SocialNetworkTemplate" */;
			compatibilityVersion = "Xcode 14.0";
			developmentRegion = en;
			hasScannedForEncodings = 0;
			knownRegions = (
				en,
				Base,
			);
			mainGroup = 0CC0A4F529D36D6400AF4144;
			productRefGroup = 0CC0A4FF29D36D6400AF4144 /* Products */;
			projectDirPath = "";
			projectRoot = "";
			targets = (
				0CC0A4FD29D36D6400AF4144 /* SocialNetworkTemplate */,
			);
		};
/* End PBXProject section */

/* Begin PBXResourcesBuildPhase section */
		0CC0A4FC29D36D6400AF4144 /* Resources */ = {
			isa = PBXResourcesBuildPhase;
			buildActionMask = 2147483647;
			files = (
				0CC0A50E29D36D6600AF4144 /* LaunchScreen.storyboard in Resources */,
				0CC0A50B29D36D6600AF4144 /* Assets.xcassets in Resources */,
				0CC0A51929D3ABF500AF4144 /* Welcome.storyboard in Resources */,
			);
			runOnlyForDeploymentPostprocessing = 0;
		};
/* End PBXResourcesBuildPhase section */

/* Begin PBXShellScriptBuildPhase section */
		0DD9F1AB2197694FDFB49753 /* [CP] Embed Pods Frameworks */ = {
			isa = PBXShellScriptBuildPhase;
			buildActionMask = 2147483647;
			files = (
			);
			inputFileListPaths = (
				"${PODS_ROOT}/Target Support Files/Pods-SocialNetworkTemplate/Pods-SocialNetworkTemplate-frameworks-${CONFIGURATION}-input-files.xcfilelist",
			);
			name = "[CP] Embed Pods Frameworks";
			outputFileListPaths = (
				"${PODS_ROOT}/Target Support Files/Pods-SocialNetworkTemplate/Pods-SocialNetworkTemplate-frameworks-${CONFIGURATION}-output-files.xcfilelist",
			);
			runOnlyForDeploymentPostprocessing = 0;
			shellPath = /bin/sh;
			shellScript = "\"${PODS_ROOT}/Target Support Files/Pods-SocialNetworkTemplate/Pods-SocialNetworkTemplate-frameworks.sh\"\n";
			showEnvVarsInLog = 0;
		};
		C7A8EDC12A401DAEDCC2D5DE /* [CP] Check Pods Manifest.lock */ = {
			isa = PBXShellScriptBuildPhase;
			buildActionMask = 2147483647;
			files = (
			);
			inputFileListPaths = (
			);
			inputPaths = (
				"${PODS_PODFILE_DIR_PATH}/Podfile.lock",
				"${PODS_ROOT}/Manifest.lock",
			);
			name = "[CP] Check Pods Manifest.lock";
			outputFileListPaths = (
			);
			outputPaths = (
				"$(DERIVED_FILE_DIR)/Pods-SocialNetworkTemplate-checkManifestLockResult.txt",
			);
			runOnlyForDeploymentPostprocessing = 0;
			shellPath = /bin/sh;
			shellScript = "diff \"${PODS_PODFILE_DIR_PATH}/Podfile.lock\" \"${PODS_ROOT}/Manifest.lock\" > /dev/null\nif [ $? != 0 ] ; then\n    # print error to STDERR\n    echo \"error: The sandbox is not in sync with the Podfile.lock. Run 'pod install' or update your CocoaPods installation.\" >&2\n    exit 1\nfi\n# This output is used by Xcode 'outputs' to avoid re-running this script phase.\necho \"SUCCESS\" > \"${SCRIPT_OUTPUT_FILE_0}\"\n";
			showEnvVarsInLog = 0;
		};
/* End PBXShellScriptBuildPhase section */

/* Begin PBXSourcesBuildPhase section */
		0CC0A4FA29D36D6400AF4144 /* Sources */ = {
			isa = PBXSourcesBuildPhase;
			buildActionMask = 2147483647;
			files = (
				0CC53C9129D51D93008E0524 /* LoginViewController.swift in Sources */,
				0CC53C9329D51DA2008E0524 /* RegisterViewController.swift in Sources */,
				0C6555F429D61EA000B1CF24 /* NavigationView.swift in Sources */,
				0CC53C8F29D51D86008E0524 /* WelcomeViewController.swift in Sources */,
				0CC0A50629D36D6400AF4144 /* ViewController.swift in Sources */,
				0CC0A50229D36D6400AF4144 /* AppDelegate.swift in Sources */,
				0C6555F229D6076300B1CF24 /* BaseViewController.swift in Sources */,
				0CC53C9629D51F77008E0524 /* UtilsHelper.swift in Sources */,
			);
			runOnlyForDeploymentPostprocessing = 0;
		};
/* End PBXSourcesBuildPhase section */

/* Begin PBXVariantGroup section */
		0CC0A50C29D36D6600AF4144 /* LaunchScreen.storyboard */ = {
			isa = PBXVariantGroup;
			children = (
				0CC0A50D29D36D6600AF4144 /* Base */,
			);
			name = LaunchScreen.storyboard;
			sourceTree = "<group>";
		};
/* End PBXVariantGroup section */

/* Begin XCBuildConfiguration section */
		0CC0A51029D36D6600AF4144 /* Debug */ = {
			isa = XCBuildConfiguration;
			buildSettings = {
				ALWAYS_SEARCH_USER_PATHS = NO;
				CLANG_ANALYZER_NONNULL = YES;
				CLANG_ANALYZER_NUMBER_OBJECT_CONVERSION = YES_AGGRESSIVE;
				CLANG_CXX_LANGUAGE_STANDARD = "gnu++20";
				CLANG_ENABLE_MODULES = YES;
				CLANG_ENABLE_OBJC_ARC = YES;
				CLANG_ENABLE_OBJC_WEAK = YES;
				CLANG_WARN_BLOCK_CAPTURE_AUTORELEASING = YES;
				CLANG_WARN_BOOL_CONVERSION = YES;
				CLANG_WARN_COMMA = YES;
				CLANG_WARN_CONSTANT_CONVERSION = YES;
				CLANG_WARN_DEPRECATED_OBJC_IMPLEMENTATIONS = YES;
				CLANG_WARN_DIRECT_OBJC_ISA_USAGE = YES_ERROR;
				CLANG_WARN_DOCUMENTATION_COMMENTS = YES;
				CLANG_WARN_EMPTY_BODY = YES;
				CLANG_WARN_ENUM_CONVERSION = YES;
				CLANG_WARN_INFINITE_RECURSION = YES;
				CLANG_WARN_INT_CONVERSION = YES;
				CLANG_WARN_NON_LITERAL_NULL_CONVERSION = YES;
				CLANG_WARN_OBJC_IMPLICIT_RETAIN_SELF = YES;
				CLANG_WARN_OBJC_LITERAL_CONVERSION = YES;
				CLANG_WARN_OBJC_ROOT_CLASS = YES_ERROR;
				CLANG_WARN_QUOTED_INCLUDE_IN_FRAMEWORK_HEADER = YES;
				CLANG_WARN_RANGE_LOOP_ANALYSIS = YES;
				CLANG_WARN_STRICT_PROTOTYPES = YES;
				CLANG_WARN_SUSPICIOUS_MOVE = YES;
				CLANG_WARN_UNGUARDED_AVAILABILITY = YES_AGGRESSIVE;
				CLANG_WARN_UNREACHABLE_CODE = YES;
				CLANG_WARN__DUPLICATE_METHOD_MATCH = YES;
				COPY_PHASE_STRIP = NO;
				DEBUG_INFORMATION_FORMAT = dwarf;
				ENABLE_STRICT_OBJC_MSGSEND = YES;
				ENABLE_TESTABILITY = YES;
				GCC_C_LANGUAGE_STANDARD = gnu11;
				GCC_DYNAMIC_NO_PIC = NO;
				GCC_NO_COMMON_BLOCKS = YES;
				GCC_OPTIMIZATION_LEVEL = 0;
				GCC_PREPROCESSOR_DEFINITIONS = (
					"DEBUG=1",
					"$(inherited)",
				);
				GCC_WARN_64_TO_32_BIT_CONVERSION = YES;
				GCC_WARN_ABOUT_RETURN_TYPE = YES_ERROR;
				GCC_WARN_UNDECLARED_SELECTOR = YES;
				GCC_WARN_UNINITIALIZED_AUTOS = YES_AGGRESSIVE;
				GCC_WARN_UNUSED_FUNCTION = YES;
				GCC_WARN_UNUSED_VARIABLE = YES;
				IPHONEOS_DEPLOYMENT_TARGET = 16.2;
				MTL_ENABLE_DEBUG_INFO = INCLUDE_SOURCE;
				MTL_FAST_MATH = YES;
				ONLY_ACTIVE_ARCH = YES;
				SDKROOT = iphoneos;
				SWIFT_ACTIVE_COMPILATION_CONDITIONS = DEBUG;
				SWIFT_OPTIMIZATION_LEVEL = "-Onone";
			};
			name = Debug;
		};
		0CC0A51129D36D6600AF4144 /* Release */ = {
			isa = XCBuildConfiguration;
			buildSettings = {
				ALWAYS_SEARCH_USER_PATHS = NO;
				CLANG_ANALYZER_NONNULL = YES;
				CLANG_ANALYZER_NUMBER_OBJECT_CONVERSION = YES_AGGRESSIVE;
				CLANG_CXX_LANGUAGE_STANDARD = "gnu++20";
				CLANG_ENABLE_MODULES = YES;
				CLANG_ENABLE_OBJC_ARC = YES;
				CLANG_ENABLE_OBJC_WEAK = YES;
				CLANG_WARN_BLOCK_CAPTURE_AUTORELEASING = YES;
				CLANG_WARN_BOOL_CONVERSION = YES;
				CLANG_WARN_COMMA = YES;
				CLANG_WARN_CONSTANT_CONVERSION = YES;
				CLANG_WARN_DEPRECATED_OBJC_IMPLEMENTATIONS = YES;
				CLANG_WARN_DIRECT_OBJC_ISA_USAGE = YES_ERROR;
				CLANG_WARN_DOCUMENTATION_COMMENTS = YES;
				CLANG_WARN_EMPTY_BODY = YES;
				CLANG_WARN_ENUM_CONVERSION = YES;
				CLANG_WARN_INFINITE_RECURSION = YES;
				CLANG_WARN_INT_CONVERSION = YES;
				CLANG_WARN_NON_LITERAL_NULL_CONVERSION = YES;
				CLANG_WARN_OBJC_IMPLICIT_RETAIN_SELF = YES;
				CLANG_WARN_OBJC_LITERAL_CONVERSION = YES;
				CLANG_WARN_OBJC_ROOT_CLASS = YES_ERROR;
				CLANG_WARN_QUOTED_INCLUDE_IN_FRAMEWORK_HEADER = YES;
				CLANG_WARN_RANGE_LOOP_ANALYSIS = YES;
				CLANG_WARN_STRICT_PROTOTYPES = YES;
				CLANG_WARN_SUSPICIOUS_MOVE = YES;
				CLANG_WARN_UNGUARDED_AVAILABILITY = YES_AGGRESSIVE;
				CLANG_WARN_UNREACHABLE_CODE = YES;
				CLANG_WARN__DUPLICATE_METHOD_MATCH = YES;
				COPY_PHASE_STRIP = NO;
				DEBUG_INFORMATION_FORMAT = "dwarf-with-dsym";
				ENABLE_NS_ASSERTIONS = NO;
				ENABLE_STRICT_OBJC_MSGSEND = YES;
				GCC_C_LANGUAGE_STANDARD = gnu11;
				GCC_NO_COMMON_BLOCKS = YES;
				GCC_WARN_64_TO_32_BIT_CONVERSION = YES;
				GCC_WARN_ABOUT_RETURN_TYPE = YES_ERROR;
				GCC_WARN_UNDECLARED_SELECTOR = YES;
				GCC_WARN_UNINITIALIZED_AUTOS = YES_AGGRESSIVE;
				GCC_WARN_UNUSED_FUNCTION = YES;
				GCC_WARN_UNUSED_VARIABLE = YES;
				IPHONEOS_DEPLOYMENT_TARGET = 16.2;
				MTL_ENABLE_DEBUG_INFO = NO;
				MTL_FAST_MATH = YES;
				SDKROOT = iphoneos;
				SWIFT_COMPILATION_MODE = wholemodule;
				SWIFT_OPTIMIZATION_LEVEL = "-O";
				VALIDATE_PRODUCT = YES;
			};
			name = Release;
		};
		0CC0A51329D36D6600AF4144 /* Debug */ = {
			isa = XCBuildConfiguration;
			baseConfigurationReference = 9692CC416FB4B6C2B480BD0B /* Pods-SocialNetworkTemplate.debug.xcconfig */;
			buildSettings = {
				ASSETCATALOG_COMPILER_APPICON_NAME = AppIcon;
				ASSETCATALOG_COMPILER_GLOBAL_ACCENT_COLOR_NAME = AccentColor;
				CODE_SIGN_STYLE = Automatic;
				CURRENT_PROJECT_VERSION = 1;
				DEVELOPMENT_TEAM = 66P474LABY;
				GENERATE_INFOPLIST_FILE = YES;
				INFOPLIST_FILE = SocialNetworkTemplate/Info.plist;
				INFOPLIST_KEY_UIApplicationSupportsIndirectInputEvents = YES;
				INFOPLIST_KEY_UILaunchStoryboardName = LaunchScreen;
				INFOPLIST_KEY_UIStatusBarStyle = "";
				INFOPLIST_KEY_UISupportedInterfaceOrientations = UIInterfaceOrientationPortrait;
				INFOPLIST_KEY_UISupportedInterfaceOrientations_iPad = "UIInterfaceOrientationLandscapeLeft UIInterfaceOrientationLandscapeRight UIInterfaceOrientationPortrait UIInterfaceOrientationPortraitUpsideDown";
				IPHONEOS_DEPLOYMENT_TARGET = 13.0;
				LD_RUNPATH_SEARCH_PATHS = (
					"$(inherited)",
					"@executable_path/Frameworks",
				);
				MARKETING_VERSION = 1.0;
				PRODUCT_BUNDLE_IDENTIFIER = com.social.chris.SocialNetworkTemplate;
				PRODUCT_NAME = "$(TARGET_NAME)";
				SUPPORTED_PLATFORMS = "iphoneos iphonesimulator";
				SUPPORTS_MACCATALYST = NO;
				SUPPORTS_MAC_DESIGNED_FOR_IPHONE_IPAD = NO;
				SWIFT_EMIT_LOC_STRINGS = YES;
				SWIFT_VERSION = 5.0;
				TARGETED_DEVICE_FAMILY = 1;
			};
			name = Debug;
		};
		0CC0A51429D36D6600AF4144 /* Release */ = {
			isa = XCBuildConfiguration;
			baseConfigurationReference = B530BDD9D11506DE44125BFF /* Pods-SocialNetworkTemplate.release.xcconfig */;
			buildSettings = {
				ASSETCATALOG_COMPILER_APPICON_NAME = AppIcon;
				ASSETCATALOG_COMPILER_GLOBAL_ACCENT_COLOR_NAME = AccentColor;
				CODE_SIGN_STYLE = Automatic;
				CURRENT_PROJECT_VERSION = 1;
				DEVELOPMENT_TEAM = 66P474LABY;
				GENERATE_INFOPLIST_FILE = YES;
				INFOPLIST_FILE = SocialNetworkTemplate/Info.plist;
				INFOPLIST_KEY_UIApplicationSupportsIndirectInputEvents = YES;
				INFOPLIST_KEY_UILaunchStoryboardName = LaunchScreen;
				INFOPLIST_KEY_UIStatusBarStyle = "";
				INFOPLIST_KEY_UISupportedInterfaceOrientations = UIInterfaceOrientationPortrait;
				INFOPLIST_KEY_UISupportedInterfaceOrientations_iPad = "UIInterfaceOrientationLandscapeLeft UIInterfaceOrientationLandscapeRight UIInterfaceOrientationPortrait UIInterfaceOrientationPortraitUpsideDown";
				IPHONEOS_DEPLOYMENT_TARGET = 13.0;
				LD_RUNPATH_SEARCH_PATHS = (
					"$(inherited)",
					"@executable_path/Frameworks",
				);
				MARKETING_VERSION = 1.0;
				PRODUCT_BUNDLE_IDENTIFIER = com.social.chris.SocialNetworkTemplate;
				PRODUCT_NAME = "$(TARGET_NAME)";
				SUPPORTED_PLATFORMS = "iphoneos iphonesimulator";
				SUPPORTS_MACCATALYST = NO;
				SUPPORTS_MAC_DESIGNED_FOR_IPHONE_IPAD = NO;
				SWIFT_EMIT_LOC_STRINGS = YES;
				SWIFT_VERSION = 5.0;
				TARGETED_DEVICE_FAMILY = 1;
			};
			name = Release;
		};
/* End XCBuildConfiguration section */

/* Begin XCConfigurationList section */
		0CC0A4F929D36D6400AF4144 /* Build configuration list for PBXProject "SocialNetworkTemplate" */ = {
			isa = XCConfigurationList;
			buildConfigurations = (
				0CC0A51029D36D6600AF4144 /* Debug */,
				0CC0A51129D36D6600AF4144 /* Release */,
			);
			defaultConfigurationIsVisible = 0;
			defaultConfigurationName = Release;
		};
		0CC0A51229D36D6600AF4144 /* Build configuration list for PBXNativeTarget "SocialNetworkTemplate" */ = {
			isa = XCConfigurationList;
			buildConfigurations = (
				0CC0A51329D36D6600AF4144 /* Debug */,
				0CC0A51429D36D6600AF4144 /* Release */,
			);
			defaultConfigurationIsVisible = 0;
			defaultConfigurationName = Release;
		};
/* End XCConfigurationList section */
	};
	rootObject = 0CC0A4F629D36D6400AF4144 /* Project object */;
}
